
Microsoft Visual Studio Solution File, Format Version 12.00
# Visual Studio Version 17
VisualStudioVersion = 17.1.32210.238
MinimumVisualStudioVersion = 10.0.40219.1
Project("{FAE04EC0-301F-11D3-BF4B-00C04F79EFBC}") = "File-Manager-Winform", "File-Manager-Winform\File-Manager-Winform.csproj", "{364194D7-7E7A-4E96-AB9F-E4E28B18B071}"
EndProject
Global
	GlobalSection(SolutionConfigurationPlatforms) = preSolution
		Debug|Any CPU = Debug|Any CPU
		Release|Any CPU = Release|Any CPU
	EndGlobalSection
	GlobalSection(ProjectConfigurationPlatforms) = postSolution
		{364194D7-7E7A-4E96-AB9F-E4E28B18B071}.Debug|Any CPU.ActiveCfg = Debug|Any CPU
		{364194D7-7E7A-4E96-AB9F-E4E28B18B071}.Debug|Any CPU.Build.0 = Debug|Any CPU
		{364194D7-7E7A-4E96-AB9F-E4E28B18B071}.Release|Any CPU.ActiveCfg = Release|Any CPU
		{364194D7-7E7A-4E96-AB9F-E4E28B18B071}.Release|Any CPU.Build.0 = Release|Any CPU
	EndGlobalSection
	GlobalSection(SolutionProperties) = preSolution
		HideSolutionNode = FALSE
	EndGlobalSection
	GlobalSection(ExtensibilityGlobals) = postSolution
		SolutionGuid = {CACF20BC-D0E7-4851-8307-975D4D6DEB45}
	EndGlobalSection
EndGlobal
